{
  "version": 4,
  "terraform_version": "0.12.20",
  "serial": 76,
  "lineage": "33ed66ff-3ed5-91f0-0138-147906a2056a",
  "outputs": {
    "aws_instance": {
      "value": [
        [
          "master",
          [
            {
              "host_id": "master00",
              "private_ip": "172.30.0.15",
              "public_ip": "34.228.37.39"
            }
          ]
        ],
        [
          "slave",
          [
            {
              "host_id": "slave00",
              "private_ip": "172.30.0.86",
              "public_ip": "3.85.236.182"
            },
            {
              "host_id": "slave01",
              "private_ip": "172.30.0.13",
              "public_ip": "54.164.155.213"
            }
          ]
        ]
      ],
      "type": [
        "tuple",
        [
          [
            "tuple",
            [
              "string",
              [
                "tuple",
                [
                  [
                    "object",
                    {
                      "host_id": "string",
                      "private_ip": "string",
                      "public_ip": "string"
                    }
                  ]
                ]
              ]
            ]
          ],
          [
            "tuple",
            [
              "string",
              [
                "tuple",
                [
                  [
                    "object",
                    {
                      "host_id": "string",
                      "private_ip": "string",
                      "public_ip": "string"
                    }
                  ],
                  [
                    "object",
                    {
                      "host_id": "string",
                      "private_ip": "string",
                      "public_ip": "string"
                    }
                  ]
                ]
              ]
            ]
          ]
        ]
      ]
    }
  },
  "resources": [
    {
      "mode": "data",
      "type": "aws_security_group",
      "name": "selected",
      "provider": "provider.aws",
      "instances": [
        {
          "schema_version": 0,
          "attributes": {
            "arn": "arn:aws:ec2:us-east-1:186364758517:security-group/sg-de4fd9a5",
            "description": "All Traffic Anywhere",
            "filter": null,
            "id": "sg-de4fd9a5",
            "name": "All Traffic Anywhere",
            "tags": {},
            "vpc_id": "vpc-e5658a82"
          }
        }
      ]
    },
    {
      "mode": "managed",
      "type": "aws_instance",
      "name": "cluster",
      "each": "map",
      "provider": "provider.aws",
      "instances": [
        {
          "index_key": "master00",
          "schema_version": 1,
          "attributes": {
            "ami": "ami-08bc77a2c7eb2b1da",
            "arn": "arn:aws:ec2:us-east-1:186364758517:instance/i-03a2f06a446d298a1",
            "associate_public_ip_address": true,
            "availability_zone": "us-east-1a",
            "cpu_core_count": 1,
            "cpu_threads_per_core": 1,
            "credit_specification": [
              {
                "cpu_credits": "standard"
              }
            ],
            "disable_api_termination": false,
            "ebs_block_device": [],
            "ebs_optimized": false,
            "ephemeral_block_device": [],
            "get_password_data": false,
            "hibernation": false,
            "host_id": null,
            "iam_instance_profile": "",
            "id": "i-03a2f06a446d298a1",
            "instance_initiated_shutdown_behavior": null,
            "instance_state": "running",
            "instance_type": "t2.nano",
            "ipv6_address_count": 0,
            "ipv6_addresses": [],
            "key_name": "Ansible1",
            "monitoring": false,
            "network_interface": [],
            "network_interface_id": null,
            "password_data": "",
            "placement_group": "",
            "primary_network_interface_id": "eni-0690a784361148866",
            "private_dns": "ip-172-30-0-15.ec2.internal",
            "private_ip": "172.30.0.15",
            "public_dns": "",
            "public_ip": "34.228.37.39",
            "root_block_device": [
              {
                "delete_on_termination": true,
                "encrypted": false,
                "iops": 100,
                "kms_key_id": "",
                "volume_id": "vol-0d8582dec685678ed",
                "volume_size": 8,
                "volume_type": "gp2"
              }
            ],
            "security_groups": [
              "sg-de4fd9a5"
            ],
            "source_dest_check": true,
            "subnet_id": "subnet-29347a5f",
            "tags": {
              "Name": "master00"
            },
            "tenancy": "default",
            "timeouts": null,
            "user_data": null,
            "user_data_base64": null,
            "volume_tags": {},
            "vpc_security_group_ids": [
              "sg-de4fd9a5"
            ]
          },
          "private": "eyJlMmJmYjczMC1lY2FhLTExZTYtOGY4OC0zNDM2M2JjN2M0YzAiOnsiY3JlYXRlIjo2MDAwMDAwMDAwMDAsImRlbGV0ZSI6MTIwMDAwMDAwMDAwMCwidXBkYXRlIjo2MDAwMDAwMDAwMDB9LCJzY2hlbWFfdmVyc2lvbiI6IjEifQ=="
        }
      ]
    },
    {
      "mode": "managed",
      "type": "aws_instance",
      "name": "cluster1",
      "each": "map",
      "provider": "provider.aws",
      "instances": [
        {
          "index_key": "slave00",
          "schema_version": 1,
          "attributes": {
            "ami": "ami-08bc77a2c7eb2b1da",
            "arn": "arn:aws:ec2:us-east-1:186364758517:instance/i-0626754312775b916",
            "associate_public_ip_address": true,
            "availability_zone": "us-east-1a",
            "cpu_core_count": 1,
            "cpu_threads_per_core": 1,
            "credit_specification": [
              {
                "cpu_credits": "standard"
              }
            ],
            "disable_api_termination": false,
            "ebs_block_device": [],
            "ebs_optimized": false,
            "ephemeral_block_device": [],
            "get_password_data": false,
            "hibernation": false,
            "host_id": null,
            "iam_instance_profile": "",
            "id": "i-0626754312775b916",
            "instance_initiated_shutdown_behavior": null,
            "instance_state": "running",
            "instance_type": "t2.nano",
            "ipv6_address_count": 0,
            "ipv6_addresses": [],
            "key_name": "Ansible1",
            "monitoring": false,
            "network_interface": [],
            "network_interface_id": null,
            "password_data": "",
            "placement_group": "",
            "primary_network_interface_id": "eni-068f73d521b9faf95",
            "private_dns": "ip-172-30-0-86.ec2.internal",
            "private_ip": "172.30.0.86",
            "public_dns": "",
            "public_ip": "3.85.236.182",
            "root_block_device": [
              {
                "delete_on_termination": true,
                "encrypted": false,
                "iops": 100,
                "kms_key_id": "",
                "volume_id": "vol-048634005fc635b4b",
                "volume_size": 8,
                "volume_type": "gp2"
              }
            ],
            "security_groups": [
              "sg-de4fd9a5"
            ],
            "source_dest_check": true,
            "subnet_id": "subnet-29347a5f",
            "tags": {
              "Name": "slave00"
            },
            "tenancy": "default",
            "timeouts": null,
            "user_data": null,
            "user_data_base64": null,
            "volume_tags": {},
            "vpc_security_group_ids": [
              "sg-de4fd9a5"
            ]
          },
          "private": "eyJlMmJmYjczMC1lY2FhLTExZTYtOGY4OC0zNDM2M2JjN2M0YzAiOnsiY3JlYXRlIjo2MDAwMDAwMDAwMDAsImRlbGV0ZSI6MTIwMDAwMDAwMDAwMCwidXBkYXRlIjo2MDAwMDAwMDAwMDB9LCJzY2hlbWFfdmVyc2lvbiI6IjEifQ=="
        },
        {
          "index_key": "slave01",
          "schema_version": 1,
          "attributes": {
            "ami": "ami-08bc77a2c7eb2b1da",
            "arn": "arn:aws:ec2:us-east-1:186364758517:instance/i-0c7cd987a02475846",
            "associate_public_ip_address": true,
            "availability_zone": "us-east-1a",
            "cpu_core_count": 1,
            "cpu_threads_per_core": 1,
            "credit_specification": [
              {
                "cpu_credits": "standard"
              }
            ],
            "disable_api_termination": false,
            "ebs_block_device": [],
            "ebs_optimized": false,
            "ephemeral_block_device": [],
            "get_password_data": false,
            "hibernation": false,
            "host_id": null,
            "iam_instance_profile": "",
            "id": "i-0c7cd987a02475846",
            "instance_initiated_shutdown_behavior": null,
            "instance_state": "running",
            "instance_type": "t2.nano",
            "ipv6_address_count": 0,
            "ipv6_addresses": [],
            "key_name": "Ansible1",
            "monitoring": false,
            "network_interface": [],
            "network_interface_id": null,
            "password_data": "",
            "placement_group": "",
            "primary_network_interface_id": "eni-0d4e929cd5e481f3b",
            "private_dns": "ip-172-30-0-13.ec2.internal",
            "private_ip": "172.30.0.13",
            "public_dns": "",
            "public_ip": "54.164.155.213",
            "root_block_device": [
              {
                "delete_on_termination": true,
                "encrypted": false,
                "iops": 100,
                "kms_key_id": "",
                "volume_id": "vol-021f5ba4fdaf70306",
                "volume_size": 8,
                "volume_type": "gp2"
              }
            ],
            "security_groups": [
              "sg-de4fd9a5"
            ],
            "source_dest_check": true,
            "subnet_id": "subnet-29347a5f",
            "tags": {
              "Name": "slave01"
            },
            "tenancy": "default",
            "timeouts": null,
            "user_data": null,
            "user_data_base64": null,
            "volume_tags": {},
            "vpc_security_group_ids": [
              "sg-de4fd9a5"
            ]
          },
          "private": "eyJlMmJmYjczMC1lY2FhLTExZTYtOGY4OC0zNDM2M2JjN2M0YzAiOnsiY3JlYXRlIjo2MDAwMDAwMDAwMDAsImRlbGV0ZSI6MTIwMDAwMDAwMDAwMCwidXBkYXRlIjo2MDAwMDAwMDAwMDB9LCJzY2hlbWFfdmVyc2lvbiI6IjEifQ=="
        }
      ]
    }
  ]
}
